
Microsoft Visual Studio Solution File, Format Version 12.00
# Visual Studio Version 16
VisualStudioVersion = 16.0.29920.165
MinimumVisualStudioVersion = 10.0.40219.1
Project("{FAE04EC0-301F-11D3-BF4B-00C04F79EFBC}") = "Pokladna1", "Pokladna1\Pokladna1.csproj", "{BB99D01D-DA4C-464A-B8FC-CE0D7C942943}"
EndProject
Global
	GlobalSection(SolutionConfigurationPlatforms) = preSolution
		Debug|Any CPU = Debug|Any CPU
		Release|Any CPU = Release|Any CPU
	EndGlobalSection
	GlobalSection(ProjectConfigurationPlatforms) = postSolution
		{BB99D01D-DA4C-464A-B8FC-CE0D7C942943}.Debug|Any CPU.ActiveCfg = Debug|Any CPU
		{BB99D01D-DA4C-464A-B8FC-CE0D7C942943}.Debug|Any CPU.Build.0 = Debug|Any CPU
		{BB99D01D-DA4C-464A-B8FC-CE0D7C942943}.Release|Any CPU.ActiveCfg = Release|Any CPU
		{BB99D01D-DA4C-464A-B8FC-CE0D7C942943}.Release|Any CPU.Build.0 = Release|Any CPU
	EndGlobalSection
	GlobalSection(SolutionProperties) = preSolution
		HideSolutionNode = FALSE
	EndGlobalSection
	GlobalSection(ExtensibilityGlobals) = postSolution
		SolutionGuid = {3CCF3E6E-19ED-4A97-8831-C7688AE7C206}
	EndGlobalSection
EndGlobal
